
Microsoft Visual Studio Solution File, Format Version 12.00
# Visual Studio Version 17
VisualStudioVersion = 17.9.34622.214
MinimumVisualStudioVersion = 10.0.40219.1
Project("{2150E333-8FDC-42A3-9474-1A3956D46DE8}") = "src", "src", "{DA160906-E322-4AE9-AFDB-DEBCC732C4AA}"
EndProject
Project("{2150E333-8FDC-42A3-9474-1A3956D46DE8}") = "tests", "tests", "{84781DC3-9FF0-41EB-A70F-D3B12C3DF6CB}"
EndProject
Project("{2150E333-8FDC-42A3-9474-1A3956D46DE8}") = "Services", "Services", "{46B9F4A4-D2B4-426B-A4BA-8701EBE3A130}"
EndProject
Project("{2150E333-8FDC-42A3-9474-1A3956D46DE8}") = "Gateway", "Gateway", "{3F21A4D2-E5E3-45CB-AF06-2F30B2D46BDA}"
EndProject
Project("{2150E333-8FDC-42A3-9474-1A3956D46DE8}") = "Customer", "Customer", "{90EA1AB7-213C-4737-8E5C-7C352892AC86}"
EndProject
Project("{2150E333-8FDC-42A3-9474-1A3956D46DE8}") = "Order", "Order", "{0B32FA94-4011-4CFC-BDBE-3C7D59A5F70E}"
EndProject
Project("{FAE04EC0-301F-11D3-BF4B-00C04F79EFBC}") = "Customer.Application", "src\Services\Customer\Customer.Application\Customer.Application.csproj", "{2C5E1BAB-F919-41A5-A1DB-739A074DFDDF}"
EndProject
Project("{FAE04EC0-301F-11D3-BF4B-00C04F79EFBC}") = "Customer.Domain", "src\Services\Customer\Customer.Domain\Customer.Domain.csproj", "{C9313E25-A094-46AC-9C36-DD158B09AD11}"
EndProject
Project("{FAE04EC0-301F-11D3-BF4B-00C04F79EFBC}") = "Customer.Infrastructure", "src\Services\Customer\Customer.Infrastructure\Customer.Infrastructure.csproj", "{C8BB4BF4-63D8-43F8-9FA3-EA381610D658}"
EndProject
Project("{FAE04EC0-301F-11D3-BF4B-00C04F79EFBC}") = "Customer.API", "src\Services\Customer\Customer.API\Customer.API.csproj", "{14C2250A-70E0-4480-A28B-B8258E4F2F18}"
EndProject
Project("{FAE04EC0-301F-11D3-BF4B-00C04F79EFBC}") = "Order.Application", "src\Services\Order\Order.Application\Order.Application.csproj", "{4F68B002-65C0-4C46-BDCA-4EF314EC0252}"
EndProject
Project("{FAE04EC0-301F-11D3-BF4B-00C04F79EFBC}") = "Order.Domain", "src\Services\Order\Order.Domain\Order.Domain.csproj", "{4EF3EAB7-9EAE-45CA-96FA-AF56586A3F0A}"
EndProject
Project("{FAE04EC0-301F-11D3-BF4B-00C04F79EFBC}") = "Order.Infrastructure", "src\Services\Order\Order.Infrastructure\Order.Infrastructure.csproj", "{3489D110-8101-4A22-86E9-C707B238330D}"
EndProject
Project("{FAE04EC0-301F-11D3-BF4B-00C04F79EFBC}") = "Order.API", "src\Services\Order\Order.API\Order.API.csproj", "{585E0D4D-5269-4CD6-B723-0047CEA76F27}"
EndProject
Project("{2150E333-8FDC-42A3-9474-1A3956D46DE8}") = "Consumers", "Consumers", "{B48C66DA-6C42-4C25-A54D-CD353808D1EA}"
EndProject
Project("{2150E333-8FDC-42A3-9474-1A3956D46DE8}") = "Audit", "Audit", "{9C1A86AF-39F8-48FF-B627-24BA8B048826}"
EndProject
Project("{FAE04EC0-301F-11D3-BF4B-00C04F79EFBC}") = "Audit.Consumer", "src\Consumers\Audit\Audit.Consumer\Audit.Consumer.csproj", "{491DC3D3-02EA-4BC1-B92D-8C0E54E6F9B2}"
EndProject
Project("{FAE04EC0-301F-11D3-BF4B-00C04F79EFBC}") = "APIGateway", "src\Gateway\APIGateway\APIGateway.csproj", "{9938B174-052D-4E55-ABF7-D8EBF4722CF1}"
EndProject
Project("{2150E333-8FDC-42A3-9474-1A3956D46DE8}") = "BuildingBlocks", "BuildingBlocks", "{1FE7BEA5-BDB9-46AC-A52C-FD0E475384C4}"
EndProject
Project("{FAE04EC0-301F-11D3-BF4B-00C04F79EFBC}") = "Shared", "src\BuildingBlocks\Shared\Shared.csproj", "{4789F121-6400-45A7-99B0-CD25ECD77D0D}"
EndProject
Global
	GlobalSection(SolutionConfigurationPlatforms) = preSolution
		Debug|Any CPU = Debug|Any CPU
		Release|Any CPU = Release|Any CPU
	EndGlobalSection
	GlobalSection(ProjectConfigurationPlatforms) = postSolution
		{2C5E1BAB-F919-41A5-A1DB-739A074DFDDF}.Debug|Any CPU.ActiveCfg = Debug|Any CPU
		{2C5E1BAB-F919-41A5-A1DB-739A074DFDDF}.Debug|Any CPU.Build.0 = Debug|Any CPU
		{2C5E1BAB-F919-41A5-A1DB-739A074DFDDF}.Release|Any CPU.ActiveCfg = Release|Any CPU
		{2C5E1BAB-F919-41A5-A1DB-739A074DFDDF}.Release|Any CPU.Build.0 = Release|Any CPU
		{C9313E25-A094-46AC-9C36-DD158B09AD11}.Debug|Any CPU.ActiveCfg = Debug|Any CPU
		{C9313E25-A094-46AC-9C36-DD158B09AD11}.Debug|Any CPU.Build.0 = Debug|Any CPU
		{C9313E25-A094-46AC-9C36-DD158B09AD11}.Release|Any CPU.ActiveCfg = Release|Any CPU
		{C9313E25-A094-46AC-9C36-DD158B09AD11}.Release|Any CPU.Build.0 = Release|Any CPU
		{C8BB4BF4-63D8-43F8-9FA3-EA381610D658}.Debug|Any CPU.ActiveCfg = Debug|Any CPU
		{C8BB4BF4-63D8-43F8-9FA3-EA381610D658}.Debug|Any CPU.Build.0 = Debug|Any CPU
		{C8BB4BF4-63D8-43F8-9FA3-EA381610D658}.Release|Any CPU.ActiveCfg = Release|Any CPU
		{C8BB4BF4-63D8-43F8-9FA3-EA381610D658}.Release|Any CPU.Build.0 = Release|Any CPU
		{14C2250A-70E0-4480-A28B-B8258E4F2F18}.Debug|Any CPU.ActiveCfg = Debug|Any CPU
		{14C2250A-70E0-4480-A28B-B8258E4F2F18}.Debug|Any CPU.Build.0 = Debug|Any CPU
		{14C2250A-70E0-4480-A28B-B8258E4F2F18}.Release|Any CPU.ActiveCfg = Release|Any CPU
		{14C2250A-70E0-4480-A28B-B8258E4F2F18}.Release|Any CPU.Build.0 = Release|Any CPU
		{4F68B002-65C0-4C46-BDCA-4EF314EC0252}.Debug|Any CPU.ActiveCfg = Debug|Any CPU
		{4F68B002-65C0-4C46-BDCA-4EF314EC0252}.Debug|Any CPU.Build.0 = Debug|Any CPU
		{4F68B002-65C0-4C46-BDCA-4EF314EC0252}.Release|Any CPU.ActiveCfg = Release|Any CPU
		{4F68B002-65C0-4C46-BDCA-4EF314EC0252}.Release|Any CPU.Build.0 = Release|Any CPU
		{4EF3EAB7-9EAE-45CA-96FA-AF56586A3F0A}.Debug|Any CPU.ActiveCfg = Debug|Any CPU
		{4EF3EAB7-9EAE-45CA-96FA-AF56586A3F0A}.Debug|Any CPU.Build.0 = Debug|Any CPU
		{4EF3EAB7-9EAE-45CA-96FA-AF56586A3F0A}.Release|Any CPU.ActiveCfg = Release|Any CPU
		{4EF3EAB7-9EAE-45CA-96FA-AF56586A3F0A}.Release|Any CPU.Build.0 = Release|Any CPU
		{3489D110-8101-4A22-86E9-C707B238330D}.Debug|Any CPU.ActiveCfg = Debug|Any CPU
		{3489D110-8101-4A22-86E9-C707B238330D}.Debug|Any CPU.Build.0 = Debug|Any CPU
		{3489D110-8101-4A22-86E9-C707B238330D}.Release|Any CPU.ActiveCfg = Release|Any CPU
		{3489D110-8101-4A22-86E9-C707B238330D}.Release|Any CPU.Build.0 = Release|Any CPU
		{585E0D4D-5269-4CD6-B723-0047CEA76F27}.Debug|Any CPU.ActiveCfg = Debug|Any CPU
		{585E0D4D-5269-4CD6-B723-0047CEA76F27}.Debug|Any CPU.Build.0 = Debug|Any CPU
		{585E0D4D-5269-4CD6-B723-0047CEA76F27}.Release|Any CPU.ActiveCfg = Release|Any CPU
		{585E0D4D-5269-4CD6-B723-0047CEA76F27}.Release|Any CPU.Build.0 = Release|Any CPU
		{491DC3D3-02EA-4BC1-B92D-8C0E54E6F9B2}.Debug|Any CPU.ActiveCfg = Debug|Any CPU
		{491DC3D3-02EA-4BC1-B92D-8C0E54E6F9B2}.Debug|Any CPU.Build.0 = Debug|Any CPU
		{491DC3D3-02EA-4BC1-B92D-8C0E54E6F9B2}.Release|Any CPU.ActiveCfg = Release|Any CPU
		{491DC3D3-02EA-4BC1-B92D-8C0E54E6F9B2}.Release|Any CPU.Build.0 = Release|Any CPU
		{9938B174-052D-4E55-ABF7-D8EBF4722CF1}.Debug|Any CPU.ActiveCfg = Debug|Any CPU
		{9938B174-052D-4E55-ABF7-D8EBF4722CF1}.Debug|Any CPU.Build.0 = Debug|Any CPU
		{9938B174-052D-4E55-ABF7-D8EBF4722CF1}.Release|Any CPU.ActiveCfg = Release|Any CPU
		{9938B174-052D-4E55-ABF7-D8EBF4722CF1}.Release|Any CPU.Build.0 = Release|Any CPU
		{4789F121-6400-45A7-99B0-CD25ECD77D0D}.Debug|Any CPU.ActiveCfg = Debug|Any CPU
		{4789F121-6400-45A7-99B0-CD25ECD77D0D}.Debug|Any CPU.Build.0 = Debug|Any CPU
		{4789F121-6400-45A7-99B0-CD25ECD77D0D}.Release|Any CPU.ActiveCfg = Release|Any CPU
		{4789F121-6400-45A7-99B0-CD25ECD77D0D}.Release|Any CPU.Build.0 = Release|Any CPU
	EndGlobalSection
	GlobalSection(SolutionProperties) = preSolution
		HideSolutionNode = FALSE
	EndGlobalSection
	GlobalSection(NestedProjects) = preSolution
		{46B9F4A4-D2B4-426B-A4BA-8701EBE3A130} = {DA160906-E322-4AE9-AFDB-DEBCC732C4AA}
		{3F21A4D2-E5E3-45CB-AF06-2F30B2D46BDA} = {DA160906-E322-4AE9-AFDB-DEBCC732C4AA}
		{90EA1AB7-213C-4737-8E5C-7C352892AC86} = {46B9F4A4-D2B4-426B-A4BA-8701EBE3A130}
		{0B32FA94-4011-4CFC-BDBE-3C7D59A5F70E} = {46B9F4A4-D2B4-426B-A4BA-8701EBE3A130}
		{2C5E1BAB-F919-41A5-A1DB-739A074DFDDF} = {90EA1AB7-213C-4737-8E5C-7C352892AC86}
		{C9313E25-A094-46AC-9C36-DD158B09AD11} = {90EA1AB7-213C-4737-8E5C-7C352892AC86}
		{C8BB4BF4-63D8-43F8-9FA3-EA381610D658} = {90EA1AB7-213C-4737-8E5C-7C352892AC86}
		{14C2250A-70E0-4480-A28B-B8258E4F2F18} = {90EA1AB7-213C-4737-8E5C-7C352892AC86}
		{4F68B002-65C0-4C46-BDCA-4EF314EC0252} = {0B32FA94-4011-4CFC-BDBE-3C7D59A5F70E}
		{4EF3EAB7-9EAE-45CA-96FA-AF56586A3F0A} = {0B32FA94-4011-4CFC-BDBE-3C7D59A5F70E}
		{3489D110-8101-4A22-86E9-C707B238330D} = {0B32FA94-4011-4CFC-BDBE-3C7D59A5F70E}
		{585E0D4D-5269-4CD6-B723-0047CEA76F27} = {0B32FA94-4011-4CFC-BDBE-3C7D59A5F70E}
		{B48C66DA-6C42-4C25-A54D-CD353808D1EA} = {DA160906-E322-4AE9-AFDB-DEBCC732C4AA}
		{9C1A86AF-39F8-48FF-B627-24BA8B048826} = {B48C66DA-6C42-4C25-A54D-CD353808D1EA}
		{491DC3D3-02EA-4BC1-B92D-8C0E54E6F9B2} = {9C1A86AF-39F8-48FF-B627-24BA8B048826}
		{9938B174-052D-4E55-ABF7-D8EBF4722CF1} = {3F21A4D2-E5E3-45CB-AF06-2F30B2D46BDA}
		{1FE7BEA5-BDB9-46AC-A52C-FD0E475384C4} = {DA160906-E322-4AE9-AFDB-DEBCC732C4AA}
		{4789F121-6400-45A7-99B0-CD25ECD77D0D} = {1FE7BEA5-BDB9-46AC-A52C-FD0E475384C4}
	EndGlobalSection
	GlobalSection(ExtensibilityGlobals) = postSolution
		SolutionGuid = {728FD7D8-28E3-40AF-887A-BBD5B70BF408}
	EndGlobalSection
EndGlobal
